
Microsoft Visual Studio Solution File, Format Version 12.00
# Visual Studio Version 17
VisualStudioVersion = 17.0.31903.59
MinimumVisualStudioVersion = 10.0.40219.1
Project("{9A19103F-16F7-4668-BE54-9A1E7A4F7556}") = "BuberDinner.Api", "BuberDinner.Api\BuberDinner.Api.csproj", "{079DA1C1-521C-494E-9BE0-207DE0C8A1C9}"
EndProject
Project("{9A19103F-16F7-4668-BE54-9A1E7A4F7556}") = "BuberDinner.Application", "BuberDinner.Application\BuberDinner.Application.csproj", "{631E45D4-0790-4640-87B0-E9F31006EBD0}"
EndProject
Project("{9A19103F-16F7-4668-BE54-9A1E7A4F7556}") = "BuberDinner.Contracts", "BuberDinner.Contracts\BuberDinner.Contracts.csproj", "{1D29DB3A-B4B2-4BDD-B6E7-2A60FCD3AFDB}"
EndProject
Project("{9A19103F-16F7-4668-BE54-9A1E7A4F7556}") = "BuberDinner.Domain", "BuberDinner.Domain\BuberDinner.Domain.csproj", "{40CA69FD-6976-4F95-9E8F-BE3613143138}"
EndProject
Project("{9A19103F-16F7-4668-BE54-9A1E7A4F7556}") = "BuberDinner.Infrastructure", "BuberDinner.Infrastructure\BuberDinner.Infrastructure.csproj", "{F6C8E061-94E1-418E-B218-D4D3B8BC4450}"
EndProject
Project("{2150E333-8FDC-42A3-9474-1A3956D46DE8}") = "Solution Items", "Solution Items", "{63CF392D-362A-42CE-A51B-69B771EF089E}"
	ProjectSection(SolutionItems) = preProject
		Directory.Build.props = Directory.Build.props
		Directory.Packages.props = Directory.Packages.props
	EndProjectSection
EndProject
Project("{FAE04EC0-301F-11D3-BF4B-00C04F79EFBC}") = "BuberDinner.AspireAppHost", "BuberDinner.AspireAppHost\BuberDinner.AspireAppHost.csproj", "{925A3F19-82B5-4511-8C38-BB5DA62AE71E}"
EndProject
Global
	GlobalSection(SolutionConfigurationPlatforms) = preSolution
		Debug|Any CPU = Debug|Any CPU
		Release|Any CPU = Release|Any CPU
	EndGlobalSection
	GlobalSection(ProjectConfigurationPlatforms) = postSolution
		{079DA1C1-521C-494E-9BE0-207DE0C8A1C9}.Debug|Any CPU.ActiveCfg = Debug|Any CPU
		{079DA1C1-521C-494E-9BE0-207DE0C8A1C9}.Debug|Any CPU.Build.0 = Debug|Any CPU
		{079DA1C1-521C-494E-9BE0-207DE0C8A1C9}.Release|Any CPU.ActiveCfg = Release|Any CPU
		{079DA1C1-521C-494E-9BE0-207DE0C8A1C9}.Release|Any CPU.Build.0 = Release|Any CPU
		{631E45D4-0790-4640-87B0-E9F31006EBD0}.Debug|Any CPU.ActiveCfg = Debug|Any CPU
		{631E45D4-0790-4640-87B0-E9F31006EBD0}.Debug|Any CPU.Build.0 = Debug|Any CPU
		{631E45D4-0790-4640-87B0-E9F31006EBD0}.Release|Any CPU.ActiveCfg = Release|Any CPU
		{631E45D4-0790-4640-87B0-E9F31006EBD0}.Release|Any CPU.Build.0 = Release|Any CPU
		{1D29DB3A-B4B2-4BDD-B6E7-2A60FCD3AFDB}.Debug|Any CPU.ActiveCfg = Debug|Any CPU
		{1D29DB3A-B4B2-4BDD-B6E7-2A60FCD3AFDB}.Debug|Any CPU.Build.0 = Debug|Any CPU
		{1D29DB3A-B4B2-4BDD-B6E7-2A60FCD3AFDB}.Release|Any CPU.ActiveCfg = Release|Any CPU
		{1D29DB3A-B4B2-4BDD-B6E7-2A60FCD3AFDB}.Release|Any CPU.Build.0 = Release|Any CPU
		{40CA69FD-6976-4F95-9E8F-BE3613143138}.Debug|Any CPU.ActiveCfg = Debug|Any CPU
		{40CA69FD-6976-4F95-9E8F-BE3613143138}.Debug|Any CPU.Build.0 = Debug|Any CPU
		{40CA69FD-6976-4F95-9E8F-BE3613143138}.Release|Any CPU.ActiveCfg = Release|Any CPU
		{40CA69FD-6976-4F95-9E8F-BE3613143138}.Release|Any CPU.Build.0 = Release|Any CPU
		{F6C8E061-94E1-418E-B218-D4D3B8BC4450}.Debug|Any CPU.ActiveCfg = Debug|Any CPU
		{F6C8E061-94E1-418E-B218-D4D3B8BC4450}.Debug|Any CPU.Build.0 = Debug|Any CPU
		{F6C8E061-94E1-418E-B218-D4D3B8BC4450}.Release|Any CPU.ActiveCfg = Release|Any CPU
		{F6C8E061-94E1-418E-B218-D4D3B8BC4450}.Release|Any CPU.Build.0 = Release|Any CPU
		{925A3F19-82B5-4511-8C38-BB5DA62AE71E}.Debug|Any CPU.ActiveCfg = Debug|Any CPU
		{925A3F19-82B5-4511-8C38-BB5DA62AE71E}.Debug|Any CPU.Build.0 = Debug|Any CPU
		{925A3F19-82B5-4511-8C38-BB5DA62AE71E}.Release|Any CPU.ActiveCfg = Release|Any CPU
		{925A3F19-82B5-4511-8C38-BB5DA62AE71E}.Release|Any CPU.Build.0 = Release|Any CPU
	EndGlobalSection
	GlobalSection(SolutionProperties) = preSolution
		HideSolutionNode = FALSE
	EndGlobalSection
	GlobalSection(ExtensibilityGlobals) = postSolution
		SolutionGuid = {D5CB90A6-79D9-43B5-B8EA-8591B27C0AC2}
	EndGlobalSection
EndGlobal
